
Microsoft Visual Studio Solution File, Format Version 12.00
# Visual Studio Version 16
VisualStudioVersion = 16.0.30114.105
MinimumVisualStudioVersion = 10.0.40219.1
Project("{FAE04EC0-301F-11D3-BF4B-00C04F79EFBC}") = "Infrastructure", "Infrastructure\Infrastructure.csproj", "{E7D43788-B087-46FD-A80A-4C0F464289C9}"
EndProject
Project("{FAE04EC0-301F-11D3-BF4B-00C04F79EFBC}") = "Core", "Core\Core.csproj", "{1EDB6B30-87CF-427E-9321-CF4A94F80D1B}"
EndProject
Project("{FAE04EC0-301F-11D3-BF4B-00C04F79EFBC}") = "Shop.API", "Shop.API\Shop.API.csproj", "{07AFE279-4DC1-43AB-87D3-4B855DC82EDF}"
EndProject
Global
	GlobalSection(SolutionConfigurationPlatforms) = preSolution
		Debug|Any CPU = Debug|Any CPU
		Release|Any CPU = Release|Any CPU
	EndGlobalSection
	GlobalSection(SolutionProperties) = preSolution
		HideSolutionNode = FALSE
	EndGlobalSection
	GlobalSection(ProjectConfigurationPlatforms) = postSolution
		{E7D43788-B087-46FD-A80A-4C0F464289C9}.Debug|Any CPU.ActiveCfg = Debug|Any CPU
		{E7D43788-B087-46FD-A80A-4C0F464289C9}.Debug|Any CPU.Build.0 = Debug|Any CPU
		{E7D43788-B087-46FD-A80A-4C0F464289C9}.Release|Any CPU.ActiveCfg = Release|Any CPU
		{E7D43788-B087-46FD-A80A-4C0F464289C9}.Release|Any CPU.Build.0 = Release|Any CPU
		{1EDB6B30-87CF-427E-9321-CF4A94F80D1B}.Debug|Any CPU.ActiveCfg = Debug|Any CPU
		{1EDB6B30-87CF-427E-9321-CF4A94F80D1B}.Debug|Any CPU.Build.0 = Debug|Any CPU
		{1EDB6B30-87CF-427E-9321-CF4A94F80D1B}.Release|Any CPU.ActiveCfg = Release|Any CPU
		{1EDB6B30-87CF-427E-9321-CF4A94F80D1B}.Release|Any CPU.Build.0 = Release|Any CPU
		{07AFE279-4DC1-43AB-87D3-4B855DC82EDF}.Debug|Any CPU.ActiveCfg = Debug|Any CPU
		{07AFE279-4DC1-43AB-87D3-4B855DC82EDF}.Debug|Any CPU.Build.0 = Debug|Any CPU
		{07AFE279-4DC1-43AB-87D3-4B855DC82EDF}.Release|Any CPU.ActiveCfg = Release|Any CPU
		{07AFE279-4DC1-43AB-87D3-4B855DC82EDF}.Release|Any CPU.Build.0 = Release|Any CPU
	EndGlobalSection
EndGlobal
