
Microsoft Visual Studio Solution File, Format Version 12.00
# Visual Studio Version 16
VisualStudioVersion = 16.0.31729.503
MinimumVisualStudioVersion = 10.0.40219.1
Project("{9A19103F-16F7-4668-BE54-9A1E7A4F7556}") = "JobPortal-MVC", "JobPortal-MVC\JobPortal-MVC.csproj", "{1A6FD2B5-A9B3-4E0B-8DBB-E0EE1050312F}"
EndProject
Project("{FAE04EC0-301F-11D3-BF4B-00C04F79EFBC}") = "Infrastructure", "Infrastructure\Infrastructure.csproj", "{1F2C0EA0-8A6E-4AAD-9951-C469BE1BF9E0}"
EndProject
Project("{FAE04EC0-301F-11D3-BF4B-00C04F79EFBC}") = "Core", "Core\Core.csproj", "{E11F70BF-E6D0-49B6-95CF-E3098F2DAC4D}"
EndProject
Global
	GlobalSection(SolutionConfigurationPlatforms) = preSolution
		Debug|Any CPU = Debug|Any CPU
		Release|Any CPU = Release|Any CPU
	EndGlobalSection
	GlobalSection(ProjectConfigurationPlatforms) = postSolution
		{1A6FD2B5-A9B3-4E0B-8DBB-E0EE1050312F}.Debug|Any CPU.ActiveCfg = Debug|Any CPU
		{1A6FD2B5-A9B3-4E0B-8DBB-E0EE1050312F}.Debug|Any CPU.Build.0 = Debug|Any CPU
		{1A6FD2B5-A9B3-4E0B-8DBB-E0EE1050312F}.Release|Any CPU.ActiveCfg = Release|Any CPU
		{1A6FD2B5-A9B3-4E0B-8DBB-E0EE1050312F}.Release|Any CPU.Build.0 = Release|Any CPU
		{1F2C0EA0-8A6E-4AAD-9951-C469BE1BF9E0}.Debug|Any CPU.ActiveCfg = Debug|Any CPU
		{1F2C0EA0-8A6E-4AAD-9951-C469BE1BF9E0}.Debug|Any CPU.Build.0 = Debug|Any CPU
		{1F2C0EA0-8A6E-4AAD-9951-C469BE1BF9E0}.Release|Any CPU.ActiveCfg = Release|Any CPU
		{1F2C0EA0-8A6E-4AAD-9951-C469BE1BF9E0}.Release|Any CPU.Build.0 = Release|Any CPU
		{E11F70BF-E6D0-49B6-95CF-E3098F2DAC4D}.Debug|Any CPU.ActiveCfg = Debug|Any CPU
		{E11F70BF-E6D0-49B6-95CF-E3098F2DAC4D}.Debug|Any CPU.Build.0 = Debug|Any CPU
		{E11F70BF-E6D0-49B6-95CF-E3098F2DAC4D}.Release|Any CPU.ActiveCfg = Release|Any CPU
		{E11F70BF-E6D0-49B6-95CF-E3098F2DAC4D}.Release|Any CPU.Build.0 = Release|Any CPU
	EndGlobalSection
	GlobalSection(SolutionProperties) = preSolution
		HideSolutionNode = FALSE
	EndGlobalSection
	GlobalSection(ExtensibilityGlobals) = postSolution
		SolutionGuid = {5998356B-6CCC-4246-A17D-D80E292ADFB1}
	EndGlobalSection
EndGlobal
